# This file is automatically @generated by Poetry 1.8.3 and should not be changed by hand.

[[package]]
name = "configparser"
version = "7.1.0"
description = "Updated configparser from stdlib for earlier Pythons."
optional = false
python-versions = ">=3.8"
files = [
    {file = "configparser-7.1.0-py3-none-any.whl", hash = "sha256:98e374573c4e10e92399651e3ba1c47a438526d633c44ee96143dec26dad4299"},
    {file = "configparser-7.1.0.tar.gz", hash = "sha256:eb82646c892dbdf773dae19c633044d163c3129971ae09b49410a303b8e0a5f7"},
]

[package.extras]
doc = ["furo", "jaraco.packaging (>=9.3)", "jaraco.tidelift (>=1.4)", "rst.linker (>=1.9)", "sphinx (>=3.5)", "sphinx-lint"]
test = ["pytest (>=6,!=8.1.*)", "pytest-checkdocs (>=2.4)", "pytest-cov", "pytest-enabler (>=2.2)", "pytest-mypy", "pytest-ruff (>=0.2.1)", "types-backports"]

[[package]]
name = "pyasn1"
version = "0.6.1"
description = "Pure-Python implementation of ASN.1 types and DER/BER/CER codecs (X.208)"
optional = false
python-versions = ">=3.8"
files = [
    {file = "pyasn1-0.6.1-py3-none-any.whl", hash = "sha256:0d632f46f2ba09143da3a8afe9e33fb6f92fa2320ab7e886e2d0f7672af84629"},
    {file = "pyasn1-0.6.1.tar.gz", hash = "sha256:6f580d2bdd84365380830acf45550f2511469f673cb4a5ae3857a3170128b034"},
]

[[package]]
name = "pysimplegui"
version = "5.0.7"
description = "Python GUIs for Humans! PySimpleGUI is the top-rated Python application development environment. Launched in 2018 and actively developed, maintained, and supported in 2024. Transforms tkinter, Qt, WxPython, and Remi into a simple, intuitive, and fun experience for both hobbyists and expert users."
optional = false
python-versions = ">=3.6"
files = [
    {file = "PySimpleGUI-5.0.7-py3-none-any.whl", hash = "sha256:d10336178943815adda0d2470da5d51b457a974d082f6fdb322c18aa26657799"},
    {file = "PySimpleGUI-5.0.7.tar.gz", hash = "sha256:36451601e4d6c7e4c637d71faf8c7a855060f798e354f2ed9d6304a24a5759c7"},
]

[package.dependencies]
rsa = "*"

[[package]]
name = "rsa"
version = "4.9"
description = "Pure-Python RSA implementation"
optional = false
python-versions = ">=3.6,<4"
files = [
    {file = "rsa-4.9-py3-none-any.whl", hash = "sha256:90260d9058e514786967344d0ef75fa8727eed8a7d2e43ce9f4bcf1b536174f7"},
    {file = "rsa-4.9.tar.gz", hash = "sha256:e38464a49c6c85d7f1351b0126661487a7e0a14a50f1675ec50eb34d4f20ef21"},
]

[package.dependencies]
pyasn1 = ">=0.1.3"

[[package]]
name = "yt-dlp"
version = "2024.12.23"
description = "A feature-rich command-line audio/video downloader"
optional = false
python-versions = ">=3.9"
files = [
    {file = "yt_dlp-2024.12.23-py3-none-any.whl", hash = "sha256:2fc08a5221a0379628ac4e7324c6c69a95b9fdfa7a7ca3187444b3b7451e38be"},
    {file = "yt_dlp-2024.12.23.tar.gz", hash = "sha256:ac0e72b5a9017ba104b4258546201a7cedc38e8bd20727e0c63b77c829b425e9"},
]

[package.extras]
build = ["build", "hatchling", "pip", "setuptools (>=71.0.2)", "wheel"]
curl-cffi = ["curl-cffi (==0.5.10)", "curl-cffi (>=0.5.10,!=0.6.*,<0.7.2)"]
default = ["brotli", "brotlicffi", "certifi", "mutagen", "pycryptodomex", "requests (>=2.32.2,<3)", "urllib3 (>=1.26.17,<3)", "websockets (>=13.0)"]
dev = ["autopep8 (>=2.0,<3.0)", "pre-commit", "pytest (>=8.1,<9.0)", "pytest-rerunfailures (>=14.0,<15.0)", "ruff (>=0.8.0,<0.9.0)"]
pyinstaller = ["pyinstaller (>=6.11.1)"]
secretstorage = ["cffi", "secretstorage"]
static-analysis = ["autopep8 (>=2.0,<3.0)", "ruff (>=0.8.0,<0.9.0)"]
test = ["pytest (>=8.1,<9.0)", "pytest-rerunfailures (>=14.0,<15.0)"]

[metadata]
lock-version = "2.0"
python-versions = "^3.10"
content-hash = "7761e4773110a623a1a0098b3996a04b65b0eb01adeeeead27815f8ce75807a0"
